{
  "name": "publish-webhook",
  "version": "1.0.0",
  "lockfileVersion": 2,
  "requires": true,
  "packages": {
    "": {
      "name": "publish-webhook",
      "version": "1.0.0",
      "license": "ISC",
      "dependencies": {
        "webhook-discord": "^3.5.1"
      }
    },
    "node_modules/snekfetch": {
      "version": "3.6.4",
      "resolved": "https://registry.npmjs.org/snekfetch/-/snekfetch-3.6.4.tgz",
      "integrity": "sha512-NjxjITIj04Ffqid5lqr7XdgwM7X61c/Dns073Ly170bPQHLm6jkmelye/eglS++1nfTWktpP6Y2bFXjdPlQqdw==",
      "deprecated": "use node-fetch instead"
    },
    "node_modules/webhook-discord": {
      "version": "3.7.8",
      "resolved": "https://registry.npmjs.org/webhook-discord/-/webhook-discord-3.7.8.tgz",
      "integrity": "sha512-IDEvKmu83SIAPZD0efpEXj3ZEm+X8Q68iRuKEKtyXlGN9S9lVtdL7cp4I0AXqTapVj+eh+Wby7y9DaxP01Yk2g==",
      "dependencies": {
        "snekfetch": "^3.6.4"
      }
    }
  },
  "dependencies": {
    "snekfetch": {
      "version": "3.6.4",
      "resolved": "https://registry.npmjs.org/snekfetch/-/snekfetch-3.6.4.tgz",
      "integrity": "sha512-NjxjITIj04Ffqid5lqr7XdgwM7X61c/Dns073Ly170bPQHLm6jkmelye/eglS++1nfTWktpP6Y2bFXjdPlQqdw=="
    },
    "webhook-discord": {
      "version": "3.7.8",
      "resolved": "https://registry.npmjs.org/webhook-discord/-/webhook-discord-3.7.8.tgz",
      "integrity": "sha512-IDEvKmu83SIAPZD0efpEXj3ZEm+X8Q68iRuKEKtyXlGN9S9lVtdL7cp4I0AXqTapVj+eh+Wby7y9DaxP01Yk2g==",
      "requires": {
        "snekfetch": "^3.6.4"
      }
    }
  }
}
